
Microsoft Visual Studio Solution File, Format Version 12.00
# Visual Studio Version 16
VisualStudioVersion = 16.0.29709.97
MinimumVisualStudioVersion = 10.0.40219.1
Project("{FAE04EC0-301F-11D3-BF4B-00C04F79EFBC}") = "IS4", "IS4\IS4.csproj", "{248A15A9-0E2E-4A27-AB7A-4953E1AC404F}"
EndProject
Project("{FAE04EC0-301F-11D3-BF4B-00C04F79EFBC}") = "ProtectedAPI", "ProtectedAPI\ProtectedAPI.csproj", "{5F3738F3-CB55-44EC-B7F4-7E8BA75A357B}"
EndProject
Project("{FAE04EC0-301F-11D3-BF4B-00C04F79EFBC}") = "CallingClient", "CallingClient\CallingClient.csproj", "{CFD5774D-5CEB-43A6-AAF6-650D6B684B8C}"
EndProject
Global
	GlobalSection(SolutionConfigurationPlatforms) = preSolution
		Debug|Any CPU = Debug|Any CPU
		Release|Any CPU = Release|Any CPU
	EndGlobalSection
	GlobalSection(ProjectConfigurationPlatforms) = postSolution
		{248A15A9-0E2E-4A27-AB7A-4953E1AC404F}.Debug|Any CPU.ActiveCfg = Debug|Any CPU
		{248A15A9-0E2E-4A27-AB7A-4953E1AC404F}.Debug|Any CPU.Build.0 = Debug|Any CPU
		{248A15A9-0E2E-4A27-AB7A-4953E1AC404F}.Release|Any CPU.ActiveCfg = Release|Any CPU
		{248A15A9-0E2E-4A27-AB7A-4953E1AC404F}.Release|Any CPU.Build.0 = Release|Any CPU
		{5F3738F3-CB55-44EC-B7F4-7E8BA75A357B}.Debug|Any CPU.ActiveCfg = Debug|Any CPU
		{5F3738F3-CB55-44EC-B7F4-7E8BA75A357B}.Debug|Any CPU.Build.0 = Debug|Any CPU
		{5F3738F3-CB55-44EC-B7F4-7E8BA75A357B}.Release|Any CPU.ActiveCfg = Release|Any CPU
		{5F3738F3-CB55-44EC-B7F4-7E8BA75A357B}.Release|Any CPU.Build.0 = Release|Any CPU
		{CFD5774D-5CEB-43A6-AAF6-650D6B684B8C}.Debug|Any CPU.ActiveCfg = Debug|Any CPU
		{CFD5774D-5CEB-43A6-AAF6-650D6B684B8C}.Debug|Any CPU.Build.0 = Debug|Any CPU
		{CFD5774D-5CEB-43A6-AAF6-650D6B684B8C}.Release|Any CPU.ActiveCfg = Release|Any CPU
		{CFD5774D-5CEB-43A6-AAF6-650D6B684B8C}.Release|Any CPU.Build.0 = Release|Any CPU
	EndGlobalSection
	GlobalSection(SolutionProperties) = preSolution
		HideSolutionNode = FALSE
	EndGlobalSection
	GlobalSection(ExtensibilityGlobals) = postSolution
		SolutionGuid = {CF80ED45-B12B-4E34-A90C-30BAD348CFCE}
	EndGlobalSection
EndGlobal
